// !$*UTF8*$!
{
	archiveVersion = 1;
	classes = {
	};
	objectVersion = 50;
	objects = {

/* Begin PBXBuildFile section */
		76642C0523C1174800057FE9 /* GroceryItems.swift in Sources */ = {isa = PBXBuildFile; fileRef = 76642C0423C1174800057FE9 /* GroceryItems.swift */; };
		76642C0723C1189100057FE9 /* GroceryItemCell.swift in Sources */ = {isa = PBXBuildFile; fileRef = 76642C0623C1189100057FE9 /* GroceryItemCell.swift */; };
		76B06B9B23C08BC80078D517 /* RootViewController.swift in Sources */ = {isa = PBXBuildFile; fileRef = 76B06B9A23C08BC80078D517 /* RootViewController.swift */; };
		76BC5A9323BFC3CA008842AE /* AppDelegate.swift in Sources */ = {isa = PBXBuildFile; fileRef = 76BC5A9223BFC3CA008842AE /* AppDelegate.swift */; };
		76BC5A9523BFC3CA008842AE /* SceneDelegate.swift in Sources */ = {isa = PBXBuildFile; fileRef = 76BC5A9423BFC3CA008842AE /* SceneDelegate.swift */; };
		76BC5A9723BFC3CA008842AE /* CategoriesViewController.swift in Sources */ = {isa = PBXBuildFile; fileRef = 76BC5A9623BFC3CA008842AE /* CategoriesViewController.swift */; };
		76BC5A9A23BFC3CA008842AE /* Main.storyboard in Resources */ = {isa = PBXBuildFile; fileRef = 76BC5A9823BFC3CA008842AE /* Main.storyboard */; };
		76BC5A9C23BFC3CB008842AE /* Assets.xcassets in Resources */ = {isa = PBXBuildFile; fileRef = 76BC5A9B23BFC3CB008842AE /* Assets.xcassets */; };
		76BC5A9F23BFC3CB008842AE /* LaunchScreen.storyboard in Resources */ = {isa = PBXBuildFile; fileRef = 76BC5A9D23BFC3CB008842AE /* LaunchScreen.storyboard */; };
		76BC5AA923BFD10D008842AE /* GroceryCategory.swift in Sources */ = {isa = PBXBuildFile; fileRef = 76BC5AA823BFD10D008842AE /* GroceryCategory.swift */; };
		76BC5AAB23BFD2E0008842AE /* GroceryCategoryCell.swift in Sources */ = {isa = PBXBuildFile; fileRef = 76BC5AAA23BFD2E0008842AE /* GroceryCategoryCell.swift */; };
		76BC5AAF23BFD6BE008842AE /* UIView+Extension.swift in Sources */ = {isa = PBXBuildFile; fileRef = 76BC5AAE23BFD6BE008842AE /* UIView+Extension.swift */; };
		76C39BE223C20AB200E60E20 /* AddCategoryViewController+UITableView.swift in Sources */ = {isa = PBXBuildFile; fileRef = 76C39BE123C20AB200E60E20 /* AddCategoryViewController+UITableView.swift */; };
		76C39BE423C20B5F00E60E20 /* CategoriesViewController+AddCategoryCard.swift in Sources */ = {isa = PBXBuildFile; fileRef = 76C39BE323C20B5F00E60E20 /* CategoriesViewController+AddCategoryCard.swift */; };
		76C39BE723C20E4E00E60E20 /* ShoppingList+TableView.swift in Sources */ = {isa = PBXBuildFile; fileRef = 76C39BE623C20E4E00E60E20 /* ShoppingList+TableView.swift */; };
		76EEFA4E23C084E30099CC29 /* ShoppingListViewController.swift in Sources */ = {isa = PBXBuildFile; fileRef = 76EEFA4D23C084E30099CC29 /* ShoppingListViewController.swift */; };
		76FC11C123C1D7890068833F /* CardViewController.xib in Resources */ = {isa = PBXBuildFile; fileRef = 76FC11BF23C1D7880068833F /* CardViewController.xib */; };
		76FC11C223C1D7890068833F /* AddCategoryViewController.swift in Sources */ = {isa = PBXBuildFile; fileRef = 76FC11C023C1D7890068833F /* AddCategoryViewController.swift */; };
/* End PBXBuildFile section */

/* Begin PBXFileReference section */
		76642C0423C1174800057FE9 /* GroceryItems.swift */ = {isa = PBXFileReference; lastKnownFileType = sourcecode.swift; path = GroceryItems.swift; sourceTree = "<group>"; };
		76642C0623C1189100057FE9 /* GroceryItemCell.swift */ = {isa = PBXFileReference; lastKnownFileType = sourcecode.swift; path = GroceryItemCell.swift; sourceTree = "<group>"; };
		76B06B9A23C08BC80078D517 /* RootViewController.swift */ = {isa = PBXFileReference; lastKnownFileType = sourcecode.swift; path = RootViewController.swift; sourceTree = "<group>"; };
		76BC5A8F23BFC3CA008842AE /* Grocery.app */ = {isa = PBXFileReference; explicitFileType = wrapper.application; includeInIndex = 0; path = Grocery.app; sourceTree = BUILT_PRODUCTS_DIR; };
		76BC5A9223BFC3CA008842AE /* AppDelegate.swift */ = {isa = PBXFileReference; lastKnownFileType = sourcecode.swift; path = AppDelegate.swift; sourceTree = "<group>"; };
		76BC5A9423BFC3CA008842AE /* SceneDelegate.swift */ = {isa = PBXFileReference; lastKnownFileType = sourcecode.swift; path = SceneDelegate.swift; sourceTree = "<group>"; };
		76BC5A9623BFC3CA008842AE /* CategoriesViewController.swift */ = {isa = PBXFileReference; lastKnownFileType = sourcecode.swift; path = CategoriesViewController.swift; sourceTree = "<group>"; };
		76BC5A9923BFC3CA008842AE /* Base */ = {isa = PBXFileReference; lastKnownFileType = file.storyboard; name = Base; path = Base.lproj/Main.storyboard; sourceTree = "<group>"; };
		76BC5A9B23BFC3CB008842AE /* Assets.xcassets */ = {isa = PBXFileReference; lastKnownFileType = folder.assetcatalog; path = Assets.xcassets; sourceTree = "<group>"; };
		76BC5A9E23BFC3CB008842AE /* Base */ = {isa = PBXFileReference; lastKnownFileType = file.storyboard; name = Base; path = Base.lproj/LaunchScreen.storyboard; sourceTree = "<group>"; };
		76BC5AA023BFC3CB008842AE /* Info.plist */ = {isa = PBXFileReference; lastKnownFileType = text.plist.xml; path = Info.plist; sourceTree = "<group>"; };
		76BC5AA823BFD10D008842AE /* GroceryCategory.swift */ = {isa = PBXFileReference; lastKnownFileType = sourcecode.swift; path = GroceryCategory.swift; sourceTree = "<group>"; };
		76BC5AAA23BFD2E0008842AE /* GroceryCategoryCell.swift */ = {isa = PBXFileReference; lastKnownFileType = sourcecode.swift; path = GroceryCategoryCell.swift; sourceTree = "<group>"; };
		76BC5AAE23BFD6BE008842AE /* UIView+Extension.swift */ = {isa = PBXFileReference; lastKnownFileType = sourcecode.swift; path = "UIView+Extension.swift"; sourceTree = "<group>"; };
		76C39BE123C20AB200E60E20 /* AddCategoryViewController+UITableView.swift */ = {isa = PBXFileReference; lastKnownFileType = sourcecode.swift; path = "AddCategoryViewController+UITableView.swift"; sourceTree = "<group>"; };
		76C39BE323C20B5F00E60E20 /* CategoriesViewController+AddCategoryCard.swift */ = {isa = PBXFileReference; lastKnownFileType = sourcecode.swift; path = "CategoriesViewController+AddCategoryCard.swift"; sourceTree = "<group>"; };
		76C39BE623C20E4E00E60E20 /* ShoppingList+TableView.swift */ = {isa = PBXFileReference; lastKnownFileType = sourcecode.swift; path = "ShoppingList+TableView.swift"; sourceTree = "<group>"; };
		76EEFA4D23C084E30099CC29 /* ShoppingListViewController.swift */ = {isa = PBXFileReference; lastKnownFileType = sourcecode.swift; path = ShoppingListViewController.swift; sourceTree = "<group>"; };
		76FC11BF23C1D7880068833F /* CardViewController.xib */ = {isa = PBXFileReference; fileEncoding = 4; lastKnownFileType = file.xib; path = CardViewController.xib; sourceTree = "<group>"; };
		76FC11C023C1D7890068833F /* AddCategoryViewController.swift */ = {isa = PBXFileReference; fileEncoding = 4; lastKnownFileType = sourcecode.swift; path = AddCategoryViewController.swift; sourceTree = "<group>"; };
/* End PBXFileReference section */

/* Begin PBXFrameworksBuildPhase section */
		76BC5A8C23BFC3CA008842AE /* Frameworks */ = {
			isa = PBXFrameworksBuildPhase;
			buildActionMask = 2147483647;
			files = (
			);
			runOnlyForDeploymentPostprocessing = 0;
		};
/* End PBXFrameworksBuildPhase section */

/* Begin PBXGroup section */
		76BC5A8623BFC3CA008842AE = {
			isa = PBXGroup;
			children = (
				76BC5A9123BFC3CA008842AE /* Grocery */,
				76BC5A9023BFC3CA008842AE /* Products */,
			);
			sourceTree = "<group>";
		};
		76BC5A9023BFC3CA008842AE /* Products */ = {
			isa = PBXGroup;
			children = (
				76BC5A8F23BFC3CA008842AE /* Grocery.app */,
			);
			name = Products;
			sourceTree = "<group>";
		};
		76BC5A9123BFC3CA008842AE /* Grocery */ = {
			isa = PBXGroup;
			children = (
				76BC5AAD23BFD6A6008842AE /* Extensions */,
				76BC5AA723BFD0F1008842AE /* Model */,
				76BC5AAC23BFD2EA008842AE /* View */,
				76EEFA4C23C084BD0099CC29 /* Controller */,
				76BC5A9823BFC3CA008842AE /* Main.storyboard */,
				76BC5A9B23BFC3CB008842AE /* Assets.xcassets */,
				76BC5AA023BFC3CB008842AE /* Info.plist */,
				76BC5AA623BFC42F008842AE /* Supporting Files */,
			);
			path = Grocery;
			sourceTree = "<group>";
		};
		76BC5AA623BFC42F008842AE /* Supporting Files */ = {
			isa = PBXGroup;
			children = (
				76BC5A9D23BFC3CB008842AE /* LaunchScreen.storyboard */,
				76BC5A9223BFC3CA008842AE /* AppDelegate.swift */,
				76BC5A9423BFC3CA008842AE /* SceneDelegate.swift */,
			);
			path = "Supporting Files";
			sourceTree = "<group>";
		};
		76BC5AA723BFD0F1008842AE /* Model */ = {
			isa = PBXGroup;
			children = (
				76BC5AA823BFD10D008842AE /* GroceryCategory.swift */,
				76642C0423C1174800057FE9 /* GroceryItems.swift */,
			);
			path = Model;
			sourceTree = "<group>";
		};
		76BC5AAC23BFD2EA008842AE /* View */ = {
			isa = PBXGroup;
			children = (
				76BC5AAA23BFD2E0008842AE /* GroceryCategoryCell.swift */,
				76642C0623C1189100057FE9 /* GroceryItemCell.swift */,
				76FC11BF23C1D7880068833F /* CardViewController.xib */,
			);
			path = View;
			sourceTree = "<group>";
		};
		76BC5AAD23BFD6A6008842AE /* Extensions */ = {
			isa = PBXGroup;
			children = (
				76BC5AAE23BFD6BE008842AE /* UIView+Extension.swift */,
			);
			path = Extensions;
			sourceTree = "<group>";
		};
		76C39BE023C20A8900E60E20 /* Categories ViewControlelr */ = {
			isa = PBXGroup;
			children = (
				76BC5A9623BFC3CA008842AE /* CategoriesViewController.swift */,
				76C39BE123C20AB200E60E20 /* AddCategoryViewController+UITableView.swift */,
				76C39BE323C20B5F00E60E20 /* CategoriesViewController+AddCategoryCard.swift */,
			);
			path = "Categories ViewControlelr";
			sourceTree = "<group>";
		};
		76C39BE523C20E2700E60E20 /* Shopping List ViewController  */ = {
			isa = PBXGroup;
			children = (
				76EEFA4D23C084E30099CC29 /* ShoppingListViewController.swift */,
				76C39BE623C20E4E00E60E20 /* ShoppingList+TableView.swift */,
			);
			path = "Shopping List ViewController ";
			sourceTree = "<group>";
		};
		76EEFA4C23C084BD0099CC29 /* Controller */ = {
			isa = PBXGroup;
			children = (
				76FC11C023C1D7890068833F /* AddCategoryViewController.swift */,
				76C39BE023C20A8900E60E20 /* Categories ViewControlelr */,
				76C39BE523C20E2700E60E20 /* Shopping List ViewController  */,
				76B06B9A23C08BC80078D517 /* RootViewController.swift */,
			);
			path = Controller;
			sourceTree = "<group>";
		};
/* End PBXGroup section */

/* Begin PBXNativeTarget section */
		76BC5A8E23BFC3CA008842AE /* Grocery */ = {
			isa = PBXNativeTarget;
			buildConfigurationList = 76BC5AA323BFC3CB008842AE /* Build configuration list for PBXNativeTarget "Grocery" */;
			buildPhases = (
				76BC5A8B23BFC3CA008842AE /* Sources */,
				76BC5A8C23BFC3CA008842AE /* Frameworks */,
				76BC5A8D23BFC3CA008842AE /* Resources */,
			);
			buildRules = (
			);
			dependencies = (
			);
			name = Grocery;
			productName = Grocery;
			productReference = 76BC5A8F23BFC3CA008842AE /* Grocery.app */;
			productType = "com.apple.product-type.application";
		};
/* End PBXNativeTarget section */

/* Begin PBXProject section */
		76BC5A8723BFC3CA008842AE /* Project object */ = {
			isa = PBXProject;
			attributes = {
				LastSwiftUpdateCheck = 1130;
				LastUpgradeCheck = 1130;
				ORGANIZATIONNAME = "Takasur Azeem";
				TargetAttributes = {
					76BC5A8E23BFC3CA008842AE = {
						CreatedOnToolsVersion = 11.3;
					};
				};
			};
			buildConfigurationList = 76BC5A8A23BFC3CA008842AE /* Build configuration list for PBXProject "Grocery" */;
			compatibilityVersion = "Xcode 9.3";
			developmentRegion = en;
			hasScannedForEncodings = 0;
			knownRegions = (
				en,
				Base,
			);
			mainGroup = 76BC5A8623BFC3CA008842AE;
			productRefGroup = 76BC5A9023BFC3CA008842AE /* Products */;
			projectDirPath = "";
			projectRoot = "";
			targets = (
				76BC5A8E23BFC3CA008842AE /* Grocery */,
			);
		};
/* End PBXProject section */

/* Begin PBXResourcesBuildPhase section */
		76BC5A8D23BFC3CA008842AE /* Resources */ = {
			isa = PBXResourcesBuildPhase;
			buildActionMask = 2147483647;
			files = (
				76FC11C123C1D7890068833F /* CardViewController.xib in Resources */,
				76BC5A9F23BFC3CB008842AE /* LaunchScreen.storyboard in Resources */,
				76BC5A9C23BFC3CB008842AE /* Assets.xcassets in Resources */,
				76BC5A9A23BFC3CA008842AE /* Main.storyboard in Resources */,
			);
			runOnlyForDeploymentPostprocessing = 0;
		};
/* End PBXResourcesBuildPhase section */

/* Begin PBXSourcesBuildPhase section */
		76BC5A8B23BFC3CA008842AE /* Sources */ = {
			isa = PBXSourcesBuildPhase;
			buildActionMask = 2147483647;
			files = (
				76C39BE423C20B5F00E60E20 /* CategoriesViewController+AddCategoryCard.swift in Sources */,
				76BC5AAF23BFD6BE008842AE /* UIView+Extension.swift in Sources */,
				76BC5A9723BFC3CA008842AE /* CategoriesViewController.swift in Sources */,
				76BC5AAB23BFD2E0008842AE /* GroceryCategoryCell.swift in Sources */,
				76EEFA4E23C084E30099CC29 /* ShoppingListViewController.swift in Sources */,
				76C39BE223C20AB200E60E20 /* AddCategoryViewController+UITableView.swift in Sources */,
				76BC5A9323BFC3CA008842AE /* AppDelegate.swift in Sources */,
				76BC5A9523BFC3CA008842AE /* SceneDelegate.swift in Sources */,
				76642C0723C1189100057FE9 /* GroceryItemCell.swift in Sources */,
				76C39BE723C20E4E00E60E20 /* ShoppingList+TableView.swift in Sources */,
				76B06B9B23C08BC80078D517 /* RootViewController.swift in Sources */,
				76FC11C223C1D7890068833F /* AddCategoryViewController.swift in Sources */,
				76642C0523C1174800057FE9 /* GroceryItems.swift in Sources */,
				76BC5AA923BFD10D008842AE /* GroceryCategory.swift in Sources */,
			);
			runOnlyForDeploymentPostprocessing = 0;
		};
/* End PBXSourcesBuildPhase section */

/* Begin PBXVariantGroup section */
		76BC5A9823BFC3CA008842AE /* Main.storyboard */ = {
			isa = PBXVariantGroup;
			children = (
				76BC5A9923BFC3CA008842AE /* Base */,
			);
			name = Main.storyboard;
			sourceTree = "<group>";
		};
		76BC5A9D23BFC3CB008842AE /* LaunchScreen.storyboard */ = {
			isa = PBXVariantGroup;
			children = (
				76BC5A9E23BFC3CB008842AE /* Base */,
			);
			name = LaunchScreen.storyboard;
			sourceTree = "<group>";
		};
/* End PBXVariantGroup section */

/* Begin XCBuildConfiguration section */
		76BC5AA123BFC3CB008842AE /* Debug */ = {
			isa = XCBuildConfiguration;
			buildSettings = {
				ALWAYS_SEARCH_USER_PATHS = NO;
				CLANG_ANALYZER_NONNULL = YES;
				CLANG_ANALYZER_NUMBER_OBJECT_CONVERSION = YES_AGGRESSIVE;
				CLANG_CXX_LANGUAGE_STANDARD = "gnu++14";
				CLANG_CXX_LIBRARY = "libc++";
				CLANG_ENABLE_MODULES = YES;
				CLANG_ENABLE_OBJC_ARC = YES;
				CLANG_ENABLE_OBJC_WEAK = YES;
				CLANG_WARN_BLOCK_CAPTURE_AUTORELEASING = YES;
				CLANG_WARN_BOOL_CONVERSION = YES;
				CLANG_WARN_COMMA = YES;
				CLANG_WARN_CONSTANT_CONVERSION = YES;
				CLANG_WARN_DEPRECATED_OBJC_IMPLEMENTATIONS = YES;
				CLANG_WARN_DIRECT_OBJC_ISA_USAGE = YES_ERROR;
				CLANG_WARN_DOCUMENTATION_COMMENTS = YES;
				CLANG_WARN_EMPTY_BODY = YES;
				CLANG_WARN_ENUM_CONVERSION = YES;
				CLANG_WARN_INFINITE_RECURSION = YES;
				CLANG_WARN_INT_CONVERSION = YES;
				CLANG_WARN_NON_LITERAL_NULL_CONVERSION = YES;
				CLANG_WARN_OBJC_IMPLICIT_RETAIN_SELF = YES;
				CLANG_WARN_OBJC_LITERAL_CONVERSION = YES;
				CLANG_WARN_OBJC_ROOT_CLASS = YES_ERROR;
				CLANG_WARN_RANGE_LOOP_ANALYSIS = YES;
				CLANG_WARN_STRICT_PROTOTYPES = YES;
				CLANG_WARN_SUSPICIOUS_MOVE = YES;
				CLANG_WARN_UNGUARDED_AVAILABILITY = YES_AGGRESSIVE;
				CLANG_WARN_UNREACHABLE_CODE = YES;
				CLANG_WARN__DUPLICATE_METHOD_MATCH = YES;
				COPY_PHASE_STRIP = NO;
				DEBUG_INFORMATION_FORMAT = dwarf;
				ENABLE_STRICT_OBJC_MSGSEND = YES;
				ENABLE_TESTABILITY = YES;
				GCC_C_LANGUAGE_STANDARD = gnu11;
				GCC_DYNAMIC_NO_PIC = NO;
				GCC_NO_COMMON_BLOCKS = YES;
				GCC_OPTIMIZATION_LEVEL = 0;
				GCC_PREPROCESSOR_DEFINITIONS = (
					"DEBUG=1",
					"$(inherited)",
				);
				GCC_WARN_64_TO_32_BIT_CONVERSION = YES;
				GCC_WARN_ABOUT_RETURN_TYPE = YES_ERROR;
				GCC_WARN_UNDECLARED_SELECTOR = YES;
				GCC_WARN_UNINITIALIZED_AUTOS = YES_AGGRESSIVE;
				GCC_WARN_UNUSED_FUNCTION = YES;
				GCC_WARN_UNUSED_VARIABLE = YES;
				IPHONEOS_DEPLOYMENT_TARGET = 13.2;
				MTL_ENABLE_DEBUG_INFO = INCLUDE_SOURCE;
				MTL_FAST_MATH = YES;
				ONLY_ACTIVE_ARCH = YES;
				SDKROOT = iphoneos;
				SWIFT_ACTIVE_COMPILATION_CONDITIONS = DEBUG;
				SWIFT_OPTIMIZATION_LEVEL = "-Onone";
			};
			name = Debug;
		};
		76BC5AA223BFC3CB008842AE /* Release */ = {
			isa = XCBuildConfiguration;
			buildSettings = {
				ALWAYS_SEARCH_USER_PATHS = NO;
				CLANG_ANALYZER_NONNULL = YES;
				CLANG_ANALYZER_NUMBER_OBJECT_CONVERSION = YES_AGGRESSIVE;
				CLANG_CXX_LANGUAGE_STANDARD = "gnu++14";
				CLANG_CXX_LIBRARY = "libc++";
				CLANG_ENABLE_MODULES = YES;
				CLANG_ENABLE_OBJC_ARC = YES;
				CLANG_ENABLE_OBJC_WEAK = YES;
				CLANG_WARN_BLOCK_CAPTURE_AUTORELEASING = YES;
				CLANG_WARN_BOOL_CONVERSION = YES;
				CLANG_WARN_COMMA = YES;
				CLANG_WARN_CONSTANT_CONVERSION = YES;
				CLANG_WARN_DEPRECATED_OBJC_IMPLEMENTATIONS = YES;
				CLANG_WARN_DIRECT_OBJC_ISA_USAGE = YES_ERROR;
				CLANG_WARN_DOCUMENTATION_COMMENTS = YES;
				CLANG_WARN_EMPTY_BODY = YES;
				CLANG_WARN_ENUM_CONVERSION = YES;
				CLANG_WARN_INFINITE_RECURSION = YES;
				CLANG_WARN_INT_CONVERSION = YES;
				CLANG_WARN_NON_LITERAL_NULL_CONVERSION = YES;
				CLANG_WARN_OBJC_IMPLICIT_RETAIN_SELF = YES;
				CLANG_WARN_OBJC_LITERAL_CONVERSION = YES;
				CLANG_WARN_OBJC_ROOT_CLASS = YES_ERROR;
				CLANG_WARN_RANGE_LOOP_ANALYSIS = YES;
				CLANG_WARN_STRICT_PROTOTYPES = YES;
				CLANG_WARN_SUSPICIOUS_MOVE = YES;
				CLANG_WARN_UNGUARDED_AVAILABILITY = YES_AGGRESSIVE;
				CLANG_WARN_UNREACHABLE_CODE = YES;
				CLANG_WARN__DUPLICATE_METHOD_MATCH = YES;
				COPY_PHASE_STRIP = NO;
				DEBUG_INFORMATION_FORMAT = "dwarf-with-dsym";
				ENABLE_NS_ASSERTIONS = NO;
				ENABLE_STRICT_OBJC_MSGSEND = YES;
				GCC_C_LANGUAGE_STANDARD = gnu11;
				GCC_NO_COMMON_BLOCKS = YES;
				GCC_WARN_64_TO_32_BIT_CONVERSION = YES;
				GCC_WARN_ABOUT_RETURN_TYPE = YES_ERROR;
				GCC_WARN_UNDECLARED_SELECTOR = YES;
				GCC_WARN_UNINITIALIZED_AUTOS = YES_AGGRESSIVE;
				GCC_WARN_UNUSED_FUNCTION = YES;
				GCC_WARN_UNUSED_VARIABLE = YES;
				IPHONEOS_DEPLOYMENT_TARGET = 13.2;
				MTL_ENABLE_DEBUG_INFO = NO;
				MTL_FAST_MATH = YES;
				SDKROOT = iphoneos;
				SWIFT_COMPILATION_MODE = wholemodule;
				SWIFT_OPTIMIZATION_LEVEL = "-O";
				VALIDATE_PRODUCT = YES;
			};
			name = Release;
		};
		76BC5AA423BFC3CB008842AE /* Debug */ = {
			isa = XCBuildConfiguration;
			buildSettings = {
				ASSETCATALOG_COMPILER_APPICON_NAME = AppIcon;
				CODE_SIGN_STYLE = Automatic;
				DEVELOPMENT_TEAM = 4DCJC4BZJQ;
				INFOPLIST_FILE = Grocery/Info.plist;
				LD_RUNPATH_SEARCH_PATHS = (
					"$(inherited)",
					"@executable_path/Frameworks",
				);
				PRODUCT_BUNDLE_IDENTIFIER = com.takasur.Grocery;
				PRODUCT_NAME = "$(TARGET_NAME)";
				SWIFT_VERSION = 5.0;
				TARGETED_DEVICE_FAMILY = "1,2";
			};
			name = Debug;
		};
		76BC5AA523BFC3CB008842AE /* Release */ = {
			isa = XCBuildConfiguration;
			buildSettings = {
				ASSETCATALOG_COMPILER_APPICON_NAME = AppIcon;
				CODE_SIGN_STYLE = Automatic;
				DEVELOPMENT_TEAM = 4DCJC4BZJQ;
				INFOPLIST_FILE = Grocery/Info.plist;
				LD_RUNPATH_SEARCH_PATHS = (
					"$(inherited)",
					"@executable_path/Frameworks",
				);
				PRODUCT_BUNDLE_IDENTIFIER = com.takasur.Grocery;
				PRODUCT_NAME = "$(TARGET_NAME)";
				SWIFT_VERSION = 5.0;
				TARGETED_DEVICE_FAMILY = "1,2";
			};
			name = Release;
		};
/* End XCBuildConfiguration section */

/* Begin XCConfigurationList section */
		76BC5A8A23BFC3CA008842AE /* Build configuration list for PBXProject "Grocery" */ = {
			isa = XCConfigurationList;
			buildConfigurations = (
				76BC5AA123BFC3CB008842AE /* Debug */,
				76BC5AA223BFC3CB008842AE /* Release */,
			);
			defaultConfigurationIsVisible = 0;
			defaultConfigurationName = Release;
		};
		76BC5AA323BFC3CB008842AE /* Build configuration list for PBXNativeTarget "Grocery" */ = {
			isa = XCConfigurationList;
			buildConfigurations = (
				76BC5AA423BFC3CB008842AE /* Debug */,
				76BC5AA523BFC3CB008842AE /* Release */,
			);
			defaultConfigurationIsVisible = 0;
			defaultConfigurationName = Release;
		};
/* End XCConfigurationList section */
	};
	rootObject = 76BC5A8723BFC3CA008842AE /* Project object */;
}
